
Microsoft Visual Studio Solution File, Format Version 12.00
# Visual Studio Version 17
VisualStudioVersion = 17.5.002.0
MinimumVisualStudioVersion = 10.0.40219.1
Project("{9A19103F-16F7-4668-BE54-9A1E7A4F7556}") = "backend", "backend.csproj", "{6B9BFA75-A916-4F26-93CB-5F78D00A22EE}"
EndProject
Global
	GlobalSection(SolutionConfigurationPlatforms) = preSolution
		Debug|Any CPU = Debug|Any CPU
		Release|Any CPU = Release|Any CPU
	EndGlobalSection
	GlobalSection(ProjectConfigurationPlatforms) = postSolution
		{6B9BFA75-A916-4F26-93CB-5F78D00A22EE}.Debug|Any CPU.ActiveCfg = Debug|Any CPU
		{6B9BFA75-A916-4F26-93CB-5F78D00A22EE}.Debug|Any CPU.Build.0 = Debug|Any CPU
		{6B9BFA75-A916-4F26-93CB-5F78D00A22EE}.Release|Any CPU.ActiveCfg = Release|Any CPU
		{6B9BFA75-A916-4F26-93CB-5F78D00A22EE}.Release|Any CPU.Build.0 = Release|Any CPU
	EndGlobalSection
	GlobalSection(SolutionProperties) = preSolution
		HideSolutionNode = FALSE
	EndGlobalSection
	GlobalSection(ExtensibilityGlobals) = postSolution
		SolutionGuid = {90E0EB65-BF2F-438F-BBD1-C4B8121D7F31}
	EndGlobalSection
EndGlobal
